
Microsoft Visual Studio Solution File, Format Version 12.00
# Visual Studio Version 16
VisualStudioVersion = 16.0.31613.86
MinimumVisualStudioVersion = 10.0.40219.1
Project("{FAE04EC0-301F-11D3-BF4B-00C04F79EFBC}") = "WindowsFormsApp1", "WindowsFormsApp1.csproj", "{776351B1-9FB5-40DC-8E83-58556C839D7F}"
EndProject
Global
	GlobalSection(SolutionConfigurationPlatforms) = preSolution
		Debug|Any CPU = Debug|Any CPU
		Release|Any CPU = Release|Any CPU
	EndGlobalSection
	GlobalSection(ProjectConfigurationPlatforms) = postSolution
		{776351B1-9FB5-40DC-8E83-58556C839D7F}.Debug|Any CPU.ActiveCfg = Debug|Any CPU
		{776351B1-9FB5-40DC-8E83-58556C839D7F}.Debug|Any CPU.Build.0 = Debug|Any CPU
		{776351B1-9FB5-40DC-8E83-58556C839D7F}.Release|Any CPU.ActiveCfg = Release|Any CPU
		{776351B1-9FB5-40DC-8E83-58556C839D7F}.Release|Any CPU.Build.0 = Release|Any CPU
	EndGlobalSection
	GlobalSection(SolutionProperties) = preSolution
		HideSolutionNode = FALSE
	EndGlobalSection
	GlobalSection(ExtensibilityGlobals) = postSolution
		SolutionGuid = {7F72F371-DC7B-4AD0-962A-D3D943309552}
	EndGlobalSection
EndGlobal
